<Solution>
  <Folder Name="/src/">
    <Project Path="src/SmartQueue.Api/SmartQueue.Api.csproj" />
    <Project Path="src/SmartQueue.Application/SmartQueue.Application.csproj" />
    <Project Path="src/SmartQueue.Domain/SmartQueue.Domain.csproj" />
    <Project Path="src/SmartQueue.Infrastructure/SmartQueue.Infrastructure.csproj" />
  </Folder>
</Solution>
